
Microsoft Visual Studio Solution File, Format Version 12.00
# Visual Studio Version 16
VisualStudioVersion = 16.0.29001.49
MinimumVisualStudioVersion = 10.0.40219.1
Project("{FAE04EC0-301F-11D3-BF4B-00C04F79EFBC}") = "Examen1erParcial", "Examen1erParcial\Examen1erParcial.csproj", "{570F722C-124B-4994-AF85-9054D4B19176}"
EndProject
Global
	GlobalSection(SolutionConfigurationPlatforms) = preSolution
		Debug|Any CPU = Debug|Any CPU
		Release|Any CPU = Release|Any CPU
	EndGlobalSection
	GlobalSection(ProjectConfigurationPlatforms) = postSolution
		{570F722C-124B-4994-AF85-9054D4B19176}.Debug|Any CPU.ActiveCfg = Debug|Any CPU
		{570F722C-124B-4994-AF85-9054D4B19176}.Debug|Any CPU.Build.0 = Debug|Any CPU
		{570F722C-124B-4994-AF85-9054D4B19176}.Release|Any CPU.ActiveCfg = Release|Any CPU
		{570F722C-124B-4994-AF85-9054D4B19176}.Release|Any CPU.Build.0 = Release|Any CPU
	EndGlobalSection
	GlobalSection(SolutionProperties) = preSolution
		HideSolutionNode = FALSE
	EndGlobalSection
	GlobalSection(ExtensibilityGlobals) = postSolution
		SolutionGuid = {251BC7BA-63C0-44C1-A1F9-F9C21630222A}
	EndGlobalSection
EndGlobal
